
Microsoft Visual Studio Solution File, Format Version 12.00
# Visual Studio Version 16
VisualStudioVersion = 16.0.30011.22
MinimumVisualStudioVersion = 10.0.40219.1
Project("{9A19103F-16F7-4668-BE54-9A1E7A4F7556}") = "TelegramBot", "TelegramBot.csproj", "{E381B917-9AE7-4128-92ED-D8FA7CACED44}"
EndProject
Project("{9A19103F-16F7-4668-BE54-9A1E7A4F7556}") = "EchoBot", "..\Bot\EchoBot.csproj", "{2491D559-A487-4536-83BF-7BD4B33B12FF}"
EndProject
Global
	GlobalSection(SolutionConfigurationPlatforms) = preSolution
		Debug|Any CPU = Debug|Any CPU
		Release|Any CPU = Release|Any CPU
	EndGlobalSection
	GlobalSection(ProjectConfigurationPlatforms) = postSolution
		{E381B917-9AE7-4128-92ED-D8FA7CACED44}.Debug|Any CPU.ActiveCfg = Debug|Any CPU
		{E381B917-9AE7-4128-92ED-D8FA7CACED44}.Debug|Any CPU.Build.0 = Debug|Any CPU
		{E381B917-9AE7-4128-92ED-D8FA7CACED44}.Release|Any CPU.ActiveCfg = Release|Any CPU
		{E381B917-9AE7-4128-92ED-D8FA7CACED44}.Release|Any CPU.Build.0 = Release|Any CPU
		{2491D559-A487-4536-83BF-7BD4B33B12FF}.Debug|Any CPU.ActiveCfg = Debug|Any CPU
		{2491D559-A487-4536-83BF-7BD4B33B12FF}.Debug|Any CPU.Build.0 = Debug|Any CPU
		{2491D559-A487-4536-83BF-7BD4B33B12FF}.Release|Any CPU.ActiveCfg = Release|Any CPU
		{2491D559-A487-4536-83BF-7BD4B33B12FF}.Release|Any CPU.Build.0 = Release|Any CPU
	EndGlobalSection
	GlobalSection(SolutionProperties) = preSolution
		HideSolutionNode = FALSE
	EndGlobalSection
	GlobalSection(ExtensibilityGlobals) = postSolution
		SolutionGuid = {E36260CE-2105-4E11-80F5-E64F22447E19}
	EndGlobalSection
EndGlobal
